
Microsoft Visual Studio Solution File, Format Version 12.00
# Visual Studio Version 17
VisualStudioVersion = 17.9.34728.123
MinimumVisualStudioVersion = 10.0.40219.1
Project("{FAE04EC0-301F-11D3-BF4B-00C04F79EFBC}") = "TestCodecare", "TestCodecare\TestCodecare.csproj", "{388962DD-2CA9-453A-95A4-5BF30C31C469}"
EndProject
Global
	GlobalSection(SolutionConfigurationPlatforms) = preSolution
		Debug|Any CPU = Debug|Any CPU
		Release|Any CPU = Release|Any CPU
	EndGlobalSection
	GlobalSection(ProjectConfigurationPlatforms) = postSolution
		{388962DD-2CA9-453A-95A4-5BF30C31C469}.Debug|Any CPU.ActiveCfg = Debug|Any CPU
		{388962DD-2CA9-453A-95A4-5BF30C31C469}.Debug|Any CPU.Build.0 = Debug|Any CPU
		{388962DD-2CA9-453A-95A4-5BF30C31C469}.Release|Any CPU.ActiveCfg = Release|Any CPU
		{388962DD-2CA9-453A-95A4-5BF30C31C469}.Release|Any CPU.Build.0 = Release|Any CPU
	EndGlobalSection
	GlobalSection(SolutionProperties) = preSolution
		HideSolutionNode = FALSE
	EndGlobalSection
	GlobalSection(ExtensibilityGlobals) = postSolution
		SolutionGuid = {3DBF92D8-D21A-444C-9F8F-7BEE8053DF64}
	EndGlobalSection
EndGlobal
